
Microsoft Visual Studio Solution File, Format Version 12.00
# Visual Studio Version 16
VisualStudioVersion = 16.0.29926.136
MinimumVisualStudioVersion = 10.0.40219.1
Project("{FAE04EC0-301F-11D3-BF4B-00C04F79EFBC}") = "ToDo.API", "ToDoProject\ToDo.API.csproj", "{42BE9BDC-BA15-41B1-AB1E-D66C5499D27B}"
EndProject
Project("{FAE04EC0-301F-11D3-BF4B-00C04F79EFBC}") = "ToDo.Domain", "ToDo.Domain\ToDo.Domain.csproj", "{844CB348-1E71-4B98-9ACB-0B45D3636091}"
EndProject
Project("{FAE04EC0-301F-11D3-BF4B-00C04F79EFBC}") = "ToDo.Infrastructure", "ToDo.Infrastructure\ToDo.Infrastructure.csproj", "{28B5D313-61D9-411B-8A39-CCC6DE09EF34}"
EndProject
Global
	GlobalSection(SolutionConfigurationPlatforms) = preSolution
		Debug|Any CPU = Debug|Any CPU
		Release|Any CPU = Release|Any CPU
	EndGlobalSection
	GlobalSection(ProjectConfigurationPlatforms) = postSolution
		{42BE9BDC-BA15-41B1-AB1E-D66C5499D27B}.Debug|Any CPU.ActiveCfg = Debug|Any CPU
		{42BE9BDC-BA15-41B1-AB1E-D66C5499D27B}.Debug|Any CPU.Build.0 = Debug|Any CPU
		{42BE9BDC-BA15-41B1-AB1E-D66C5499D27B}.Release|Any CPU.ActiveCfg = Release|Any CPU
		{42BE9BDC-BA15-41B1-AB1E-D66C5499D27B}.Release|Any CPU.Build.0 = Release|Any CPU
		{844CB348-1E71-4B98-9ACB-0B45D3636091}.Debug|Any CPU.ActiveCfg = Debug|Any CPU
		{844CB348-1E71-4B98-9ACB-0B45D3636091}.Debug|Any CPU.Build.0 = Debug|Any CPU
		{844CB348-1E71-4B98-9ACB-0B45D3636091}.Release|Any CPU.ActiveCfg = Release|Any CPU
		{844CB348-1E71-4B98-9ACB-0B45D3636091}.Release|Any CPU.Build.0 = Release|Any CPU
		{28B5D313-61D9-411B-8A39-CCC6DE09EF34}.Debug|Any CPU.ActiveCfg = Debug|Any CPU
		{28B5D313-61D9-411B-8A39-CCC6DE09EF34}.Debug|Any CPU.Build.0 = Debug|Any CPU
		{28B5D313-61D9-411B-8A39-CCC6DE09EF34}.Release|Any CPU.ActiveCfg = Release|Any CPU
		{28B5D313-61D9-411B-8A39-CCC6DE09EF34}.Release|Any CPU.Build.0 = Release|Any CPU
	EndGlobalSection
	GlobalSection(SolutionProperties) = preSolution
		HideSolutionNode = FALSE
	EndGlobalSection
	GlobalSection(ExtensibilityGlobals) = postSolution
		SolutionGuid = {BE36C1A2-AA08-43B6-BC9C-2740AEB7CD9C}
	EndGlobalSection
EndGlobal
